// !$*UTF8*$!
{
	archiveVersion = 1;
	classes = {
	};
	objectVersion = 55;
	objects = {

/* Begin PBXBuildFile section */
		650B35F12877343700FCD991 /* Date+Extensions.swift in Sources */ = {isa = PBXBuildFile; fileRef = 650B35F02877343700FCD991 /* Date+Extensions.swift */; };
		65150F34286F3045005B9AF3 /* DetermineViewController.swift in Sources */ = {isa = PBXBuildFile; fileRef = 65150F33286F3045005B9AF3 /* DetermineViewController.swift */; };
		65150F38286F4061005B9AF3 /* UserDefaults.swift in Sources */ = {isa = PBXBuildFile; fileRef = 65150F37286F4061005B9AF3 /* UserDefaults.swift */; };
		65150F3A286F44BC005B9AF3 /* UIViewController+Extensions.swift in Sources */ = {isa = PBXBuildFile; fileRef = 65150F39286F44BC005B9AF3 /* UIViewController+Extensions.swift */; };
		65150F3D286F4D25005B9AF3 /* LoadingView.swift in Sources */ = {isa = PBXBuildFile; fileRef = 65150F3C286F4D25005B9AF3 /* LoadingView.swift */; };
		65AAC4EC28700B4400DB178E /* String+Extensions.swift in Sources */ = {isa = PBXBuildFile; fileRef = 65AAC4EB28700B4400DB178E /* String+Extensions.swift */; };
		65D15CC82868604A0007D895 /* CAGradientLayer+Extensions.swift in Sources */ = {isa = PBXBuildFile; fileRef = 65D15CC72868604A0007D895 /* CAGradientLayer+Extensions.swift */; };
		9897BDA9FC265AE0F5C43DC5 /* Pods_TubeParty.framework in Frameworks */ = {isa = PBXBuildFile; fileRef = B12F798D203A1045FB658687 /* Pods_TubeParty.framework */; };
		E20285E3286854430006806B /* ChatViewController.swift in Sources */ = {isa = PBXBuildFile; fileRef = E20285E2286854430006806B /* ChatViewController.swift */; };
		E20285E5286854540006806B /* ChatViewModel.swift in Sources */ = {isa = PBXBuildFile; fileRef = E20285E4286854540006806B /* ChatViewModel.swift */; };
		E21051FC286753DF007AEC7B /* AppDelegate.swift in Sources */ = {isa = PBXBuildFile; fileRef = E21051FB286753DF007AEC7B /* AppDelegate.swift */; };
		E21051FE286753DF007AEC7B /* SceneDelegate.swift in Sources */ = {isa = PBXBuildFile; fileRef = E21051FD286753DF007AEC7B /* SceneDelegate.swift */; };
		E2105200286753DF007AEC7B /* MainLoginViewController.swift in Sources */ = {isa = PBXBuildFile; fileRef = E21051FF286753DF007AEC7B /* MainLoginViewController.swift */; };
		E2105203286753DF007AEC7B /* Main.storyboard in Resources */ = {isa = PBXBuildFile; fileRef = E2105201286753DF007AEC7B /* Main.storyboard */; };
		E2105205286753E0007AEC7B /* Assets.xcassets in Resources */ = {isa = PBXBuildFile; fileRef = E2105204286753E0007AEC7B /* Assets.xcassets */; };
		E2105208286753E0007AEC7B /* LaunchScreen.storyboard in Resources */ = {isa = PBXBuildFile; fileRef = E2105206286753E0007AEC7B /* LaunchScreen.storyboard */; };
		E210521528675AE0007AEC7B /* UIColor+Extensions.swift in Sources */ = {isa = PBXBuildFile; fileRef = E210521428675AE0007AEC7B /* UIColor+Extensions.swift */; };
		E210521D28676AD0007AEC7B /* Mitr-Regular.ttf in Resources */ = {isa = PBXBuildFile; fileRef = E210521728676AD0007AEC7B /* Mitr-Regular.ttf */; };
		E210522028676AD0007AEC7B /* Mitr-Light.ttf in Resources */ = {isa = PBXBuildFile; fileRef = E210521A28676AD0007AEC7B /* Mitr-Light.ttf */; };
		E210522128676AD0007AEC7B /* Mitr-Bold.ttf in Resources */ = {isa = PBXBuildFile; fileRef = E210521B28676AD0007AEC7B /* Mitr-Bold.ttf */; };
		E210522228676AD0007AEC7B /* Mitr-Medium.ttf in Resources */ = {isa = PBXBuildFile; fileRef = E210521C28676AD0007AEC7B /* Mitr-Medium.ttf */; };
		E210522428677224007AEC7B /* UIFont+Extensions.swift in Sources */ = {isa = PBXBuildFile; fileRef = E210522328677224007AEC7B /* UIFont+Extensions.swift */; };
		E210522628677337007AEC7B /* MainLoginViewModel.swift in Sources */ = {isa = PBXBuildFile; fileRef = E210522528677337007AEC7B /* MainLoginViewModel.swift */; };
		E212CBD02869E206004AA7C7 /* SenderViewCell.xib in Resources */ = {isa = PBXBuildFile; fileRef = E212CBCF2869E206004AA7C7 /* SenderViewCell.xib */; };
		E212CBD22869E68D004AA7C7 /* SenderViewCell.swift in Sources */ = {isa = PBXBuildFile; fileRef = E212CBD12869E68D004AA7C7 /* SenderViewCell.swift */; };
		E212CBD42869E6FA004AA7C7 /* ReceiverViewCell.xib in Resources */ = {isa = PBXBuildFile; fileRef = E212CBD32869E6FA004AA7C7 /* ReceiverViewCell.xib */; };
		E212CBD62869E71F004AA7C7 /* ReceiverViewCell.swift in Sources */ = {isa = PBXBuildFile; fileRef = E212CBD52869E71F004AA7C7 /* ReceiverViewCell.swift */; };
		E212CBD82869E92A004AA7C7 /* Extensions.swift in Sources */ = {isa = PBXBuildFile; fileRef = E212CBD72869E92A004AA7C7 /* Extensions.swift */; };
		E22B3877286F389B00E7BC6F /* NewSenderTableViewCell.xib in Resources */ = {isa = PBXBuildFile; fileRef = E22B3876286F389B00E7BC6F /* NewSenderTableViewCell.xib */; };
		E25EE47E287DB8A100343221 /* TubePartyRepositories.swift in Sources */ = {isa = PBXBuildFile; fileRef = E25EE47D287DB8A100343221 /* TubePartyRepositories.swift */; };
		E25EE480287DBC8600343221 /* GetMesaageUseCaseDomain.swift in Sources */ = {isa = PBXBuildFile; fileRef = E25EE47F287DBC8600343221 /* GetMesaageUseCaseDomain.swift */; };
		E25EE482287DBCBE00343221 /* GetMessageUseCase.swift in Sources */ = {isa = PBXBuildFile; fileRef = E25EE481287DBCBE00343221 /* GetMessageUseCase.swift */; };
		E260A30F287DCD580043632B /* ChatItems.swift in Sources */ = {isa = PBXBuildFile; fileRef = E260A30E287DCD580043632B /* ChatItems.swift */; };
		E29DF3AD28733E9B0048FB34 /* MessageModel.swift in Sources */ = {isa = PBXBuildFile; fileRef = E29DF3AC28733E9A0048FB34 /* MessageModel.swift */; };
		E2B34E0128772B6B00B73069 /* GoogleService-Info.plist in Resources */ = {isa = PBXBuildFile; fileRef = E2B34E0028772B6B00B73069 /* GoogleService-Info.plist */; };
		E2BA1E4D28747C9B0067AFCB /* SectionModel.swift in Sources */ = {isa = PBXBuildFile; fileRef = E2BA1E4C28747C9B0067AFCB /* SectionModel.swift */; };
		E2EDD3C7287C686200FDBB07 /* TubePartyUseCaseProviderDomain.swift in Sources */ = {isa = PBXBuildFile; fileRef = E2EDD3C6287C686200FDBB07 /* TubePartyUseCaseProviderDomain.swift */; };
		E2EDD3C9287C686E00FDBB07 /* SendMessageUseCaseDomain.swift in Sources */ = {isa = PBXBuildFile; fileRef = E2EDD3C8287C686E00FDBB07 /* SendMessageUseCaseDomain.swift */; };
		E2EDD3CB287C69F800FDBB07 /* TubePartyUseCaseProvider.swift in Sources */ = {isa = PBXBuildFile; fileRef = E2EDD3CA287C69F800FDBB07 /* TubePartyUseCaseProvider.swift */; };
		E2EDD3CD287C6AA600FDBB07 /* SendMessageUseCase.swift in Sources */ = {isa = PBXBuildFile; fileRef = E2EDD3CC287C6AA600FDBB07 /* SendMessageUseCase.swift */; };
		E2EDD3CF287C72AD00FDBB07 /* Codable+Extensions.swift in Sources */ = {isa = PBXBuildFile; fileRef = E2EDD3CE287C72AD00FDBB07 /* Codable+Extensions.swift */; };
/* End PBXBuildFile section */

/* Begin PBXFileReference section */
		650B35F02877343700FCD991 /* Date+Extensions.swift */ = {isa = PBXFileReference; lastKnownFileType = sourcecode.swift; path = "Date+Extensions.swift"; sourceTree = "<group>"; };
		65150F33286F3045005B9AF3 /* DetermineViewController.swift */ = {isa = PBXFileReference; lastKnownFileType = sourcecode.swift; path = DetermineViewController.swift; sourceTree = "<group>"; };
		65150F37286F4061005B9AF3 /* UserDefaults.swift */ = {isa = PBXFileReference; lastKnownFileType = sourcecode.swift; path = UserDefaults.swift; sourceTree = "<group>"; };
		65150F39286F44BC005B9AF3 /* UIViewController+Extensions.swift */ = {isa = PBXFileReference; lastKnownFileType = sourcecode.swift; path = "UIViewController+Extensions.swift"; sourceTree = "<group>"; };
		65150F3C286F4D25005B9AF3 /* LoadingView.swift */ = {isa = PBXFileReference; lastKnownFileType = sourcecode.swift; path = LoadingView.swift; sourceTree = "<group>"; };
		65AAC4EB28700B4400DB178E /* String+Extensions.swift */ = {isa = PBXFileReference; lastKnownFileType = sourcecode.swift; path = "String+Extensions.swift"; sourceTree = "<group>"; };
		65D15CC72868604A0007D895 /* CAGradientLayer+Extensions.swift */ = {isa = PBXFileReference; lastKnownFileType = sourcecode.swift; path = "CAGradientLayer+Extensions.swift"; sourceTree = "<group>"; };
		85D9AEFC018AC3F13BFE176F /* Pods-TubeParty.release.xcconfig */ = {isa = PBXFileReference; includeInIndex = 1; lastKnownFileType = text.xcconfig; name = "Pods-TubeParty.release.xcconfig"; path = "Target Support Files/Pods-TubeParty/Pods-TubeParty.release.xcconfig"; sourceTree = "<group>"; };
		96016B476017FAB0A6A03861 /* Pods-TubeParty.debug.xcconfig */ = {isa = PBXFileReference; includeInIndex = 1; lastKnownFileType = text.xcconfig; name = "Pods-TubeParty.debug.xcconfig"; path = "Target Support Files/Pods-TubeParty/Pods-TubeParty.debug.xcconfig"; sourceTree = "<group>"; };
		B12F798D203A1045FB658687 /* Pods_TubeParty.framework */ = {isa = PBXFileReference; explicitFileType = wrapper.framework; includeInIndex = 0; path = Pods_TubeParty.framework; sourceTree = BUILT_PRODUCTS_DIR; };
		E20285E2286854430006806B /* ChatViewController.swift */ = {isa = PBXFileReference; lastKnownFileType = sourcecode.swift; path = ChatViewController.swift; sourceTree = "<group>"; };
		E20285E4286854540006806B /* ChatViewModel.swift */ = {isa = PBXFileReference; lastKnownFileType = sourcecode.swift; path = ChatViewModel.swift; sourceTree = "<group>"; };
		E21051F8286753DF007AEC7B /* TubeParty.app */ = {isa = PBXFileReference; explicitFileType = wrapper.application; includeInIndex = 0; path = TubeParty.app; sourceTree = BUILT_PRODUCTS_DIR; };
		E21051FB286753DF007AEC7B /* AppDelegate.swift */ = {isa = PBXFileReference; lastKnownFileType = sourcecode.swift; path = AppDelegate.swift; sourceTree = "<group>"; };
		E21051FD286753DF007AEC7B /* SceneDelegate.swift */ = {isa = PBXFileReference; lastKnownFileType = sourcecode.swift; path = SceneDelegate.swift; sourceTree = "<group>"; };
		E21051FF286753DF007AEC7B /* MainLoginViewController.swift */ = {isa = PBXFileReference; lastKnownFileType = sourcecode.swift; path = MainLoginViewController.swift; sourceTree = "<group>"; };
		E2105202286753DF007AEC7B /* Base */ = {isa = PBXFileReference; lastKnownFileType = file.storyboard; name = Base; path = Base.lproj/Main.storyboard; sourceTree = "<group>"; };
		E2105204286753E0007AEC7B /* Assets.xcassets */ = {isa = PBXFileReference; lastKnownFileType = folder.assetcatalog; path = Assets.xcassets; sourceTree = "<group>"; };
		E2105207286753E0007AEC7B /* Base */ = {isa = PBXFileReference; lastKnownFileType = file.storyboard; name = Base; path = Base.lproj/LaunchScreen.storyboard; sourceTree = "<group>"; };
		E2105209286753E0007AEC7B /* Info.plist */ = {isa = PBXFileReference; lastKnownFileType = text.plist.xml; path = Info.plist; sourceTree = "<group>"; };
		E210521428675AE0007AEC7B /* UIColor+Extensions.swift */ = {isa = PBXFileReference; lastKnownFileType = sourcecode.swift; path = "UIColor+Extensions.swift"; sourceTree = "<group>"; };
		E210521728676AD0007AEC7B /* Mitr-Regular.ttf */ = {isa = PBXFileReference; lastKnownFileType = file; path = "Mitr-Regular.ttf"; sourceTree = "<group>"; };
		E210521A28676AD0007AEC7B /* Mitr-Light.ttf */ = {isa = PBXFileReference; lastKnownFileType = file; path = "Mitr-Light.ttf"; sourceTree = "<group>"; };
		E210521B28676AD0007AEC7B /* Mitr-Bold.ttf */ = {isa = PBXFileReference; lastKnownFileType = file; path = "Mitr-Bold.ttf"; sourceTree = "<group>"; };
		E210521C28676AD0007AEC7B /* Mitr-Medium.ttf */ = {isa = PBXFileReference; lastKnownFileType = file; path = "Mitr-Medium.ttf"; sourceTree = "<group>"; };
		E210522328677224007AEC7B /* UIFont+Extensions.swift */ = {isa = PBXFileReference; lastKnownFileType = sourcecode.swift; path = "UIFont+Extensions.swift"; sourceTree = "<group>"; };
		E210522528677337007AEC7B /* MainLoginViewModel.swift */ = {isa = PBXFileReference; lastKnownFileType = sourcecode.swift; path = MainLoginViewModel.swift; sourceTree = "<group>"; };
		E212CBCF2869E206004AA7C7 /* SenderViewCell.xib */ = {isa = PBXFileReference; lastKnownFileType = file.xib; path = SenderViewCell.xib; sourceTree = "<group>"; };
		E212CBD12869E68D004AA7C7 /* SenderViewCell.swift */ = {isa = PBXFileReference; lastKnownFileType = sourcecode.swift; path = SenderViewCell.swift; sourceTree = "<group>"; };
		E212CBD32869E6FA004AA7C7 /* ReceiverViewCell.xib */ = {isa = PBXFileReference; lastKnownFileType = file.xib; path = ReceiverViewCell.xib; sourceTree = "<group>"; };
		E212CBD52869E71F004AA7C7 /* ReceiverViewCell.swift */ = {isa = PBXFileReference; lastKnownFileType = sourcecode.swift; path = ReceiverViewCell.swift; sourceTree = "<group>"; };
		E212CBD72869E92A004AA7C7 /* Extensions.swift */ = {isa = PBXFileReference; lastKnownFileType = sourcecode.swift; path = Extensions.swift; sourceTree = "<group>"; };
		E22B3876286F389B00E7BC6F /* NewSenderTableViewCell.xib */ = {isa = PBXFileReference; lastKnownFileType = file.xib; path = NewSenderTableViewCell.xib; sourceTree = "<group>"; };
		E25EE47D287DB8A100343221 /* TubePartyRepositories.swift */ = {isa = PBXFileReference; lastKnownFileType = sourcecode.swift; path = TubePartyRepositories.swift; sourceTree = "<group>"; };
		E25EE47F287DBC8600343221 /* GetMesaageUseCaseDomain.swift */ = {isa = PBXFileReference; lastKnownFileType = sourcecode.swift; path = GetMesaageUseCaseDomain.swift; sourceTree = "<group>"; };
		E25EE481287DBCBE00343221 /* GetMessageUseCase.swift */ = {isa = PBXFileReference; lastKnownFileType = sourcecode.swift; path = GetMessageUseCase.swift; sourceTree = "<group>"; };
		E260A30E287DCD580043632B /* ChatItems.swift */ = {isa = PBXFileReference; lastKnownFileType = sourcecode.swift; path = ChatItems.swift; sourceTree = "<group>"; };
		E29DF3AC28733E9A0048FB34 /* MessageModel.swift */ = {isa = PBXFileReference; lastKnownFileType = sourcecode.swift; path = MessageModel.swift; sourceTree = "<group>"; };
		E2B34E0028772B6B00B73069 /* GoogleService-Info.plist */ = {isa = PBXFileReference; fileEncoding = 4; lastKnownFileType = text.plist.xml; path = "GoogleService-Info.plist"; sourceTree = "<group>"; };
		E2BA1E4C28747C9B0067AFCB /* SectionModel.swift */ = {isa = PBXFileReference; lastKnownFileType = sourcecode.swift; path = SectionModel.swift; sourceTree = "<group>"; };
		E2EDD3C6287C686200FDBB07 /* TubePartyUseCaseProviderDomain.swift */ = {isa = PBXFileReference; lastKnownFileType = sourcecode.swift; path = TubePartyUseCaseProviderDomain.swift; sourceTree = "<group>"; };
		E2EDD3C8287C686E00FDBB07 /* SendMessageUseCaseDomain.swift */ = {isa = PBXFileReference; lastKnownFileType = sourcecode.swift; path = SendMessageUseCaseDomain.swift; sourceTree = "<group>"; };
		E2EDD3CA287C69F800FDBB07 /* TubePartyUseCaseProvider.swift */ = {isa = PBXFileReference; lastKnownFileType = sourcecode.swift; path = TubePartyUseCaseProvider.swift; sourceTree = "<group>"; };
		E2EDD3CC287C6AA600FDBB07 /* SendMessageUseCase.swift */ = {isa = PBXFileReference; lastKnownFileType = sourcecode.swift; path = SendMessageUseCase.swift; sourceTree = "<group>"; };
		E2EDD3CE287C72AD00FDBB07 /* Codable+Extensions.swift */ = {isa = PBXFileReference; lastKnownFileType = sourcecode.swift; path = "Codable+Extensions.swift"; sourceTree = "<group>"; };
/* End PBXFileReference section */

/* Begin PBXFrameworksBuildPhase section */
		E21051F5286753DF007AEC7B /* Frameworks */ = {
			isa = PBXFrameworksBuildPhase;
			buildActionMask = 2147483647;
			files = (
				9897BDA9FC265AE0F5C43DC5 /* Pods_TubeParty.framework in Frameworks */,
			);
			runOnlyForDeploymentPostprocessing = 0;
		};
/* End PBXFrameworksBuildPhase section */

/* Begin PBXGroup section */
		37FFA4EF400AECE26E0C28F3 /* Frameworks */ = {
			isa = PBXGroup;
			children = (
				B12F798D203A1045FB658687 /* Pods_TubeParty.framework */,
			);
			name = Frameworks;
			sourceTree = "<group>";
		};
		5E2DE7900C22E777A7CAD1B4 /* Pods */ = {
			isa = PBXGroup;
			children = (
				96016B476017FAB0A6A03861 /* Pods-TubeParty.debug.xcconfig */,
				85D9AEFC018AC3F13BFE176F /* Pods-TubeParty.release.xcconfig */,
			);
			path = Pods;
			sourceTree = "<group>";
		};
		65150F36286F4024005B9AF3 /* Utilities */ = {
			isa = PBXGroup;
			children = (
				65150F37286F4061005B9AF3 /* UserDefaults.swift */,
			);
			path = Utilities;
			sourceTree = "<group>";
		};
		65150F3B286F4D0F005B9AF3 /* CustomViews */ = {
			isa = PBXGroup;
			children = (
				65150F3C286F4D25005B9AF3 /* LoadingView.swift */,
			);
			path = CustomViews;
			sourceTree = "<group>";
		};
		E20285E1286854210006806B /* ChatScene */ = {
			isa = PBXGroup;
			children = (
				E20285E2286854430006806B /* ChatViewController.swift */,
				E20285E4286854540006806B /* ChatViewModel.swift */,
			);
			path = ChatScene;
			sourceTree = "<group>";
		};
		E20285E62868545C0006806B /* MainScene */ = {
			isa = PBXGroup;
			children = (
				E21051FF286753DF007AEC7B /* MainLoginViewController.swift */,
				E210522528677337007AEC7B /* MainLoginViewModel.swift */,
			);
			path = MainScene;
			sourceTree = "<group>";
		};
		E21051EF286753DF007AEC7B = {
			isa = PBXGroup;
			children = (
				E21051FA286753DF007AEC7B /* TubeParty */,
				E21051F9286753DF007AEC7B /* Products */,
				5E2DE7900C22E777A7CAD1B4 /* Pods */,
				37FFA4EF400AECE26E0C28F3 /* Frameworks */,
			);
			sourceTree = "<group>";
		};
		E21051F9286753DF007AEC7B /* Products */ = {
			isa = PBXGroup;
			children = (
				E21051F8286753DF007AEC7B /* TubeParty.app */,
			);
			name = Products;
			sourceTree = "<group>";
		};
		E21051FA286753DF007AEC7B /* TubeParty */ = {
			isa = PBXGroup;
			children = (
				E210521328675ABA007AEC7B /* Storyboards */,
				65150F36286F4024005B9AF3 /* Utilities */,
				E210521228675AA0007AEC7B /* Delegate */,
				E210521028675A74007AEC7B /* Screen */,
				65150F3B286F4D0F005B9AF3 /* CustomViews */,
				E2EDD3C4287C664C00FDBB07 /* Domain */,
				E2EDD3C5287C666C00FDBB07 /* Platform */,
				E210520F28675A67007AEC7B /* Extensions */,
				E210521628676ABA007AEC7B /* Fonts */,
				E2105204286753E0007AEC7B /* Assets.xcassets */,
				E2105209286753E0007AEC7B /* Info.plist */,
				E2B34E0028772B6B00B73069 /* GoogleService-Info.plist */,
			);
			path = TubeParty;
			sourceTree = "<group>";
		};
		E210520F28675A67007AEC7B /* Extensions */ = {
			isa = PBXGroup;
			children = (
				650B35F02877343700FCD991 /* Date+Extensions.swift */,
				E210521428675AE0007AEC7B /* UIColor+Extensions.swift */,
				E210522328677224007AEC7B /* UIFont+Extensions.swift */,
				65D15CC72868604A0007D895 /* CAGradientLayer+Extensions.swift */,
				65150F39286F44BC005B9AF3 /* UIViewController+Extensions.swift */,
				65AAC4EB28700B4400DB178E /* String+Extensions.swift */,
				E212CBD72869E92A004AA7C7 /* Extensions.swift */,
				E2EDD3CE287C72AD00FDBB07 /* Codable+Extensions.swift */,
			);
			path = Extensions;
			sourceTree = "<group>";
		};
		E210521028675A74007AEC7B /* Screen */ = {
			isa = PBXGroup;
			children = (
				65150F33286F3045005B9AF3 /* DetermineViewController.swift */,
				E20285E62868545C0006806B /* MainScene */,
				E20285E1286854210006806B /* ChatScene */,
			);
			path = Screen;
			sourceTree = "<group>";
		};
		E210521228675AA0007AEC7B /* Delegate */ = {
			isa = PBXGroup;
			children = (
				E21051FB286753DF007AEC7B /* AppDelegate.swift */,
				E21051FD286753DF007AEC7B /* SceneDelegate.swift */,
			);
			path = Delegate;
			sourceTree = "<group>";
		};
		E210521328675ABA007AEC7B /* Storyboards */ = {
			isa = PBXGroup;
			children = (
				E2105201286753DF007AEC7B /* Main.storyboard */,
				E2105206286753E0007AEC7B /* LaunchScreen.storyboard */,
				E212CBCE2869E1EA004AA7C7 /* Xibs */,
			);
			path = Storyboards;
			sourceTree = "<group>";
		};
		E210521628676ABA007AEC7B /* Fonts */ = {
			isa = PBXGroup;
			children = (
				E210521B28676AD0007AEC7B /* Mitr-Bold.ttf */,
				E210521A28676AD0007AEC7B /* Mitr-Light.ttf */,
				E210521C28676AD0007AEC7B /* Mitr-Medium.ttf */,
				E210521728676AD0007AEC7B /* Mitr-Regular.ttf */,
			);
			path = Fonts;
			sourceTree = "<group>";
		};
		E212CBCE2869E1EA004AA7C7 /* Xibs */ = {
			isa = PBXGroup;
			children = (
				E212CBCF2869E206004AA7C7 /* SenderViewCell.xib */,
				E212CBD12869E68D004AA7C7 /* SenderViewCell.swift */,
				E212CBD32869E6FA004AA7C7 /* ReceiverViewCell.xib */,
				E212CBD52869E71F004AA7C7 /* ReceiverViewCell.swift */,
				E22B3876286F389B00E7BC6F /* NewSenderTableViewCell.xib */,
			);
			path = Xibs;
			sourceTree = "<group>";
		};
		E25EE47C287DB76900343221 /* Repositories */ = {
			isa = PBXGroup;
			children = (
				E25EE47D287DB8A100343221 /* TubePartyRepositories.swift */,
			);
			path = Repositories;
			sourceTree = "<group>";
		};
		E29DF3AB28733DC70048FB34 /* Entities */ = {
			isa = PBXGroup;
			children = (
				E260A30E287DCD580043632B /* ChatItems.swift */,
				E2BA1E4C28747C9B0067AFCB /* SectionModel.swift */,
				E29DF3AC28733E9A0048FB34 /* MessageModel.swift */,
			);
			path = Entities;
			sourceTree = "<group>";
		};
		E2EDD3C4287C664C00FDBB07 /* Domain */ = {
			isa = PBXGroup;
			children = (
				E29DF3AB28733DC70048FB34 /* Entities */,
				E2EDD3C6287C686200FDBB07 /* TubePartyUseCaseProviderDomain.swift */,
				E2EDD3C8287C686E00FDBB07 /* SendMessageUseCaseDomain.swift */,
				E25EE47F287DBC8600343221 /* GetMesaageUseCaseDomain.swift */,
			);
			path = Domain;
			sourceTree = "<group>";
		};
		E2EDD3C5287C666C00FDBB07 /* Platform */ = {
			isa = PBXGroup;
			children = (
				E25EE47C287DB76900343221 /* Repositories */,
				E2EDD3CA287C69F800FDBB07 /* TubePartyUseCaseProvider.swift */,
				E2EDD3CC287C6AA600FDBB07 /* SendMessageUseCase.swift */,
				E25EE481287DBCBE00343221 /* GetMessageUseCase.swift */,
			);
			path = Platform;
			sourceTree = "<group>";
		};
/* End PBXGroup section */

/* Begin PBXNativeTarget section */
		E21051F7286753DF007AEC7B /* TubeParty */ = {
			isa = PBXNativeTarget;
			buildConfigurationList = E210520C286753E0007AEC7B /* Build configuration list for PBXNativeTarget "TubeParty" */;
			buildPhases = (
				A1A946380B73775E3F7A2D89 /* [CP] Check Pods Manifest.lock */,
				E21051F4286753DF007AEC7B /* Sources */,
				E21051F5286753DF007AEC7B /* Frameworks */,
				E21051F6286753DF007AEC7B /* Resources */,
				85D909927EF3367A1A036A61 /* [CP] Embed Pods Frameworks */,
			);
			buildRules = (
			);
			dependencies = (
			);
			name = TubeParty;
			productName = TubeParty;
			productReference = E21051F8286753DF007AEC7B /* TubeParty.app */;
			productType = "com.apple.product-type.application";
		};
/* End PBXNativeTarget section */

/* Begin PBXProject section */
		E21051F0286753DF007AEC7B /* Project object */ = {
			isa = PBXProject;
			attributes = {
				BuildIndependentTargetsInParallel = 1;
				LastSwiftUpdateCheck = 1330;
				LastUpgradeCheck = 1330;
				TargetAttributes = {
					E21051F7286753DF007AEC7B = {
						CreatedOnToolsVersion = 13.3;
					};
				};
			};
			buildConfigurationList = E21051F3286753DF007AEC7B /* Build configuration list for PBXProject "TubeParty" */;
			compatibilityVersion = "Xcode 13.0";
			developmentRegion = en;
			hasScannedForEncodings = 0;
			knownRegions = (
				en,
				Base,
			);
			mainGroup = E21051EF286753DF007AEC7B;
			productRefGroup = E21051F9286753DF007AEC7B /* Products */;
			projectDirPath = "";
			projectRoot = "";
			targets = (
				E21051F7286753DF007AEC7B /* TubeParty */,
			);
		};
/* End PBXProject section */

/* Begin PBXResourcesBuildPhase section */
		E21051F6286753DF007AEC7B /* Resources */ = {
			isa = PBXResourcesBuildPhase;
			buildActionMask = 2147483647;
			files = (
				E210522028676AD0007AEC7B /* Mitr-Light.ttf in Resources */,
				E2105208286753E0007AEC7B /* LaunchScreen.storyboard in Resources */,
				E2105205286753E0007AEC7B /* Assets.xcassets in Resources */,
				E210522128676AD0007AEC7B /* Mitr-Bold.ttf in Resources */,
				E2105203286753DF007AEC7B /* Main.storyboard in Resources */,
				E210521D28676AD0007AEC7B /* Mitr-Regular.ttf in Resources */,
				E212CBD42869E6FA004AA7C7 /* ReceiverViewCell.xib in Resources */,
				E22B3877286F389B00E7BC6F /* NewSenderTableViewCell.xib in Resources */,
				E2B34E0128772B6B00B73069 /* GoogleService-Info.plist in Resources */,
				E210522228676AD0007AEC7B /* Mitr-Medium.ttf in Resources */,
				E212CBD02869E206004AA7C7 /* SenderViewCell.xib in Resources */,
			);
			runOnlyForDeploymentPostprocessing = 0;
		};
/* End PBXResourcesBuildPhase section */

/* Begin PBXShellScriptBuildPhase section */
		85D909927EF3367A1A036A61 /* [CP] Embed Pods Frameworks */ = {
			isa = PBXShellScriptBuildPhase;
			buildActionMask = 2147483647;
			files = (
			);
			inputFileListPaths = (
				"${PODS_ROOT}/Target Support Files/Pods-TubeParty/Pods-TubeParty-frameworks-${CONFIGURATION}-input-files.xcfilelist",
			);
			name = "[CP] Embed Pods Frameworks";
			outputFileListPaths = (
				"${PODS_ROOT}/Target Support Files/Pods-TubeParty/Pods-TubeParty-frameworks-${CONFIGURATION}-output-files.xcfilelist",
			);
			runOnlyForDeploymentPostprocessing = 0;
			shellPath = /bin/sh;
			shellScript = "\"${PODS_ROOT}/Target Support Files/Pods-TubeParty/Pods-TubeParty-frameworks.sh\"\n";
			showEnvVarsInLog = 0;
		};
		A1A946380B73775E3F7A2D89 /* [CP] Check Pods Manifest.lock */ = {
			isa = PBXShellScriptBuildPhase;
			buildActionMask = 2147483647;
			files = (
			);
			inputFileListPaths = (
			);
			inputPaths = (
				"${PODS_PODFILE_DIR_PATH}/Podfile.lock",
				"${PODS_ROOT}/Manifest.lock",
			);
			name = "[CP] Check Pods Manifest.lock";
			outputFileListPaths = (
			);
			outputPaths = (
				"$(DERIVED_FILE_DIR)/Pods-TubeParty-checkManifestLockResult.txt",
			);
			runOnlyForDeploymentPostprocessing = 0;
			shellPath = /bin/sh;
			shellScript = "diff \"${PODS_PODFILE_DIR_PATH}/Podfile.lock\" \"${PODS_ROOT}/Manifest.lock\" > /dev/null\nif [ $? != 0 ] ; then\n    # print error to STDERR\n    echo \"error: The sandbox is not in sync with the Podfile.lock. Run 'pod install' or update your CocoaPods installation.\" >&2\n    exit 1\nfi\n# This output is used by Xcode 'outputs' to avoid re-running this script phase.\necho \"SUCCESS\" > \"${SCRIPT_OUTPUT_FILE_0}\"\n";
			showEnvVarsInLog = 0;
		};
/* End PBXShellScriptBuildPhase section */

/* Begin PBXSourcesBuildPhase section */
		E21051F4286753DF007AEC7B /* Sources */ = {
			isa = PBXSourcesBuildPhase;
			buildActionMask = 2147483647;
			files = (
				E25EE482287DBCBE00343221 /* GetMessageUseCase.swift in Sources */,
				E2EDD3C9287C686E00FDBB07 /* SendMessageUseCaseDomain.swift in Sources */,
				65150F34286F3045005B9AF3 /* DetermineViewController.swift in Sources */,
				65AAC4EC28700B4400DB178E /* String+Extensions.swift in Sources */,
				E212CBD22869E68D004AA7C7 /* SenderViewCell.swift in Sources */,
				E2105200286753DF007AEC7B /* MainLoginViewController.swift in Sources */,
				E21051FC286753DF007AEC7B /* AppDelegate.swift in Sources */,
				65150F3D286F4D25005B9AF3 /* LoadingView.swift in Sources */,
				E25EE480287DBC8600343221 /* GetMesaageUseCaseDomain.swift in Sources */,
				65D15CC82868604A0007D895 /* CAGradientLayer+Extensions.swift in Sources */,
				E2BA1E4D28747C9B0067AFCB /* SectionModel.swift in Sources */,
				E2EDD3CB287C69F800FDBB07 /* TubePartyUseCaseProvider.swift in Sources */,
				E29DF3AD28733E9B0048FB34 /* MessageModel.swift in Sources */,
				E20285E3286854430006806B /* ChatViewController.swift in Sources */,
				E25EE47E287DB8A100343221 /* TubePartyRepositories.swift in Sources */,
				E212CBD62869E71F004AA7C7 /* ReceiverViewCell.swift in Sources */,
				E260A30F287DCD580043632B /* ChatItems.swift in Sources */,
				E21051FE286753DF007AEC7B /* SceneDelegate.swift in Sources */,
				E210522628677337007AEC7B /* MainLoginViewModel.swift in Sources */,
				650B35F12877343700FCD991 /* Date+Extensions.swift in Sources */,
				E2EDD3C7287C686200FDBB07 /* TubePartyUseCaseProviderDomain.swift in Sources */,
				E212CBD82869E92A004AA7C7 /* Extensions.swift in Sources */,
				E2EDD3CF287C72AD00FDBB07 /* Codable+Extensions.swift in Sources */,
				E2EDD3CD287C6AA600FDBB07 /* SendMessageUseCase.swift in Sources */,
				E210522428677224007AEC7B /* UIFont+Extensions.swift in Sources */,
				65150F38286F4061005B9AF3 /* UserDefaults.swift in Sources */,
				65150F3A286F44BC005B9AF3 /* UIViewController+Extensions.swift in Sources */,
				E20285E5286854540006806B /* ChatViewModel.swift in Sources */,
				E210521528675AE0007AEC7B /* UIColor+Extensions.swift in Sources */,
			);
			runOnlyForDeploymentPostprocessing = 0;
		};
/* End PBXSourcesBuildPhase section */

/* Begin PBXVariantGroup section */
		E2105201286753DF007AEC7B /* Main.storyboard */ = {
			isa = PBXVariantGroup;
			children = (
				E2105202286753DF007AEC7B /* Base */,
			);
			name = Main.storyboard;
			sourceTree = "<group>";
		};
		E2105206286753E0007AEC7B /* LaunchScreen.storyboard */ = {
			isa = PBXVariantGroup;
			children = (
				E2105207286753E0007AEC7B /* Base */,
			);
			name = LaunchScreen.storyboard;
			sourceTree = "<group>";
		};
/* End PBXVariantGroup section */

/* Begin XCBuildConfiguration section */
		E210520A286753E0007AEC7B /* Debug */ = {
			isa = XCBuildConfiguration;
			buildSettings = {
				ALWAYS_SEARCH_USER_PATHS = NO;
				CLANG_ANALYZER_NONNULL = YES;
				CLANG_ANALYZER_NUMBER_OBJECT_CONVERSION = YES_AGGRESSIVE;
				CLANG_CXX_LANGUAGE_STANDARD = "gnu++17";
				CLANG_ENABLE_MODULES = YES;
				CLANG_ENABLE_OBJC_ARC = YES;
				CLANG_ENABLE_OBJC_WEAK = YES;
				CLANG_WARN_BLOCK_CAPTURE_AUTORELEASING = YES;
				CLANG_WARN_BOOL_CONVERSION = YES;
				CLANG_WARN_COMMA = YES;
				CLANG_WARN_CONSTANT_CONVERSION = YES;
				CLANG_WARN_DEPRECATED_OBJC_IMPLEMENTATIONS = YES;
				CLANG_WARN_DIRECT_OBJC_ISA_USAGE = YES_ERROR;
				CLANG_WARN_DOCUMENTATION_COMMENTS = YES;
				CLANG_WARN_EMPTY_BODY = YES;
				CLANG_WARN_ENUM_CONVERSION = YES;
				CLANG_WARN_INFINITE_RECURSION = YES;
				CLANG_WARN_INT_CONVERSION = YES;
				CLANG_WARN_NON_LITERAL_NULL_CONVERSION = YES;
				CLANG_WARN_OBJC_IMPLICIT_RETAIN_SELF = YES;
				CLANG_WARN_OBJC_LITERAL_CONVERSION = YES;
				CLANG_WARN_OBJC_ROOT_CLASS = YES_ERROR;
				CLANG_WARN_QUOTED_INCLUDE_IN_FRAMEWORK_HEADER = YES;
				CLANG_WARN_RANGE_LOOP_ANALYSIS = YES;
				CLANG_WARN_STRICT_PROTOTYPES = YES;
				CLANG_WARN_SUSPICIOUS_MOVE = YES;
				CLANG_WARN_UNGUARDED_AVAILABILITY = YES_AGGRESSIVE;
				CLANG_WARN_UNREACHABLE_CODE = YES;
				CLANG_WARN__DUPLICATE_METHOD_MATCH = YES;
				COPY_PHASE_STRIP = NO;
				DEBUG_INFORMATION_FORMAT = dwarf;
				ENABLE_STRICT_OBJC_MSGSEND = YES;
				ENABLE_TESTABILITY = YES;
				GCC_C_LANGUAGE_STANDARD = gnu11;
				GCC_DYNAMIC_NO_PIC = NO;
				GCC_NO_COMMON_BLOCKS = YES;
				GCC_OPTIMIZATION_LEVEL = 0;
				GCC_PREPROCESSOR_DEFINITIONS = (
					"DEBUG=1",
					"$(inherited)",
				);
				GCC_WARN_64_TO_32_BIT_CONVERSION = YES;
				GCC_WARN_ABOUT_RETURN_TYPE = YES_ERROR;
				GCC_WARN_UNDECLARED_SELECTOR = YES;
				GCC_WARN_UNINITIALIZED_AUTOS = YES_AGGRESSIVE;
				GCC_WARN_UNUSED_FUNCTION = YES;
				GCC_WARN_UNUSED_VARIABLE = YES;
				IPHONEOS_DEPLOYMENT_TARGET = 15.4;
				MTL_ENABLE_DEBUG_INFO = INCLUDE_SOURCE;
				MTL_FAST_MATH = YES;
				ONLY_ACTIVE_ARCH = YES;
				SDKROOT = iphoneos;
				SWIFT_ACTIVE_COMPILATION_CONDITIONS = DEBUG;
				SWIFT_OPTIMIZATION_LEVEL = "-Onone";
			};
			name = Debug;
		};
		E210520B286753E0007AEC7B /* Release */ = {
			isa = XCBuildConfiguration;
			buildSettings = {
				ALWAYS_SEARCH_USER_PATHS = NO;
				CLANG_ANALYZER_NONNULL = YES;
				CLANG_ANALYZER_NUMBER_OBJECT_CONVERSION = YES_AGGRESSIVE;
				CLANG_CXX_LANGUAGE_STANDARD = "gnu++17";
				CLANG_ENABLE_MODULES = YES;
				CLANG_ENABLE_OBJC_ARC = YES;
				CLANG_ENABLE_OBJC_WEAK = YES;
				CLANG_WARN_BLOCK_CAPTURE_AUTORELEASING = YES;
				CLANG_WARN_BOOL_CONVERSION = YES;
				CLANG_WARN_COMMA = YES;
				CLANG_WARN_CONSTANT_CONVERSION = YES;
				CLANG_WARN_DEPRECATED_OBJC_IMPLEMENTATIONS = YES;
				CLANG_WARN_DIRECT_OBJC_ISA_USAGE = YES_ERROR;
				CLANG_WARN_DOCUMENTATION_COMMENTS = YES;
				CLANG_WARN_EMPTY_BODY = YES;
				CLANG_WARN_ENUM_CONVERSION = YES;
				CLANG_WARN_INFINITE_RECURSION = YES;
				CLANG_WARN_INT_CONVERSION = YES;
				CLANG_WARN_NON_LITERAL_NULL_CONVERSION = YES;
				CLANG_WARN_OBJC_IMPLICIT_RETAIN_SELF = YES;
				CLANG_WARN_OBJC_LITERAL_CONVERSION = YES;
				CLANG_WARN_OBJC_ROOT_CLASS = YES_ERROR;
				CLANG_WARN_QUOTED_INCLUDE_IN_FRAMEWORK_HEADER = YES;
				CLANG_WARN_RANGE_LOOP_ANALYSIS = YES;
				CLANG_WARN_STRICT_PROTOTYPES = YES;
				CLANG_WARN_SUSPICIOUS_MOVE = YES;
				CLANG_WARN_UNGUARDED_AVAILABILITY = YES_AGGRESSIVE;
				CLANG_WARN_UNREACHABLE_CODE = YES;
				CLANG_WARN__DUPLICATE_METHOD_MATCH = YES;
				COPY_PHASE_STRIP = NO;
				DEBUG_INFORMATION_FORMAT = "dwarf-with-dsym";
				ENABLE_NS_ASSERTIONS = NO;
				ENABLE_STRICT_OBJC_MSGSEND = YES;
				GCC_C_LANGUAGE_STANDARD = gnu11;
				GCC_NO_COMMON_BLOCKS = YES;
				GCC_WARN_64_TO_32_BIT_CONVERSION = YES;
				GCC_WARN_ABOUT_RETURN_TYPE = YES_ERROR;
				GCC_WARN_UNDECLARED_SELECTOR = YES;
				GCC_WARN_UNINITIALIZED_AUTOS = YES_AGGRESSIVE;
				GCC_WARN_UNUSED_FUNCTION = YES;
				GCC_WARN_UNUSED_VARIABLE = YES;
				IPHONEOS_DEPLOYMENT_TARGET = 15.4;
				MTL_ENABLE_DEBUG_INFO = NO;
				MTL_FAST_MATH = YES;
				SDKROOT = iphoneos;
				SWIFT_COMPILATION_MODE = wholemodule;
				SWIFT_OPTIMIZATION_LEVEL = "-O";
				VALIDATE_PRODUCT = YES;
			};
			name = Release;
		};
		E210520D286753E0007AEC7B /* Debug */ = {
			isa = XCBuildConfiguration;
			baseConfigurationReference = 96016B476017FAB0A6A03861 /* Pods-TubeParty.debug.xcconfig */;
			buildSettings = {
				ASSETCATALOG_COMPILER_APPICON_NAME = AppIcon;
				ASSETCATALOG_COMPILER_GLOBAL_ACCENT_COLOR_NAME = AccentColor;
				CODE_SIGN_STYLE = Automatic;
				CURRENT_PROJECT_VERSION = 1;
				DEVELOPMENT_TEAM = 32MMMW34B3;
				GENERATE_INFOPLIST_FILE = YES;
				INFOPLIST_FILE = TubeParty/Info.plist;
				INFOPLIST_KEY_UIApplicationSupportsIndirectInputEvents = YES;
				INFOPLIST_KEY_UILaunchStoryboardName = LaunchScreen;
				INFOPLIST_KEY_UIMainStoryboardFile = Main;
				INFOPLIST_KEY_UISupportedInterfaceOrientations_iPad = "UIInterfaceOrientationPortrait UIInterfaceOrientationPortraitUpsideDown UIInterfaceOrientationLandscapeLeft UIInterfaceOrientationLandscapeRight";
				INFOPLIST_KEY_UISupportedInterfaceOrientations_iPhone = "UIInterfaceOrientationPortrait UIInterfaceOrientationLandscapeLeft UIInterfaceOrientationLandscapeRight";
				IPHONEOS_DEPLOYMENT_TARGET = 14.0;
				LD_RUNPATH_SEARCH_PATHS = (
					"$(inherited)",
					"@executable_path/Frameworks",
				);
				MARKETING_VERSION = 1.0;
				PRODUCT_BUNDLE_IDENTIFIER = com.tparty.TubeParty;
				PRODUCT_NAME = "$(TARGET_NAME)";
				SWIFT_EMIT_LOC_STRINGS = YES;
				SWIFT_VERSION = 5.0;
				TARGETED_DEVICE_FAMILY = 1;
			};
			name = Debug;
		};
		E210520E286753E0007AEC7B /* Release */ = {
			isa = XCBuildConfiguration;
			baseConfigurationReference = 85D9AEFC018AC3F13BFE176F /* Pods-TubeParty.release.xcconfig */;
			buildSettings = {
				ASSETCATALOG_COMPILER_APPICON_NAME = AppIcon;
				ASSETCATALOG_COMPILER_GLOBAL_ACCENT_COLOR_NAME = AccentColor;
				CODE_SIGN_STYLE = Automatic;
				CURRENT_PROJECT_VERSION = 1;
				DEVELOPMENT_TEAM = 32MMMW34B3;
				GENERATE_INFOPLIST_FILE = YES;
				INFOPLIST_FILE = TubeParty/Info.plist;
				INFOPLIST_KEY_UIApplicationSupportsIndirectInputEvents = YES;
				INFOPLIST_KEY_UILaunchStoryboardName = LaunchScreen;
				INFOPLIST_KEY_UIMainStoryboardFile = Main;
				INFOPLIST_KEY_UISupportedInterfaceOrientations_iPad = "UIInterfaceOrientationPortrait UIInterfaceOrientationPortraitUpsideDown UIInterfaceOrientationLandscapeLeft UIInterfaceOrientationLandscapeRight";
				INFOPLIST_KEY_UISupportedInterfaceOrientations_iPhone = "UIInterfaceOrientationPortrait UIInterfaceOrientationLandscapeLeft UIInterfaceOrientationLandscapeRight";
				IPHONEOS_DEPLOYMENT_TARGET = 14.0;
				LD_RUNPATH_SEARCH_PATHS = (
					"$(inherited)",
					"@executable_path/Frameworks",
				);
				MARKETING_VERSION = 1.0;
				PRODUCT_BUNDLE_IDENTIFIER = com.tparty.TubeParty;
				PRODUCT_NAME = "$(TARGET_NAME)";
				SWIFT_EMIT_LOC_STRINGS = YES;
				SWIFT_VERSION = 5.0;
				TARGETED_DEVICE_FAMILY = 1;
			};
			name = Release;
		};
/* End XCBuildConfiguration section */

/* Begin XCConfigurationList section */
		E21051F3286753DF007AEC7B /* Build configuration list for PBXProject "TubeParty" */ = {
			isa = XCConfigurationList;
			buildConfigurations = (
				E210520A286753E0007AEC7B /* Debug */,
				E210520B286753E0007AEC7B /* Release */,
			);
			defaultConfigurationIsVisible = 0;
			defaultConfigurationName = Release;
		};
		E210520C286753E0007AEC7B /* Build configuration list for PBXNativeTarget "TubeParty" */ = {
			isa = XCConfigurationList;
			buildConfigurations = (
				E210520D286753E0007AEC7B /* Debug */,
				E210520E286753E0007AEC7B /* Release */,
			);
			defaultConfigurationIsVisible = 0;
			defaultConfigurationName = Release;
		};
/* End XCConfigurationList section */
	};
	rootObject = E21051F0286753DF007AEC7B /* Project object */;
}
